// !$*UTF8*$!
{
	archiveVersion = 1;
	classes = {
	};
	objectVersion = 46;
	objects = {

/* Begin PBXBuildFile section */
		DC3DCCD31E36852100432F55 /* AppDelegate.swift in Sources */ = {isa = PBXBuildFile; fileRef = DC3DCCD21E36852100432F55 /* AppDelegate.swift */; };
		DC3DCCD51E36852100432F55 /* ViewController.swift in Sources */ = {isa = PBXBuildFile; fileRef = DC3DCCD41E36852100432F55 /* ViewController.swift */; };
		DC3DCCD81E36852100432F55 /* Main.storyboard in Resources */ = {isa = PBXBuildFile; fileRef = DC3DCCD61E36852100432F55 /* Main.storyboard */; };
		DC3DCCDA1E36852100432F55 /* Assets.xcassets in Resources */ = {isa = PBXBuildFile; fileRef = DC3DCCD91E36852100432F55 /* Assets.xcassets */; };
		DC3DCCDD1E36852100432F55 /* LaunchScreen.storyboard in Resources */ = {isa = PBXBuildFile; fileRef = DC3DCCDB1E36852100432F55 /* LaunchScreen.storyboard */; };
		DC3DCCE81E36852100432F55 /* GitHubTests.swift in Sources */ = {isa = PBXBuildFile; fileRef = DC3DCCE71E36852100432F55 /* GitHubTests.swift */; };
		DC3DCCF31E36852100432F55 /* GitHubUITests.swift in Sources */ = {isa = PBXBuildFile; fileRef = DC3DCCF21E36852100432F55 /* GitHubUITests.swift */; };
/* End PBXBuildFile section */

/* Begin PBXContainerItemProxy section */
		DC3DCCE41E36852100432F55 /* PBXContainerItemProxy */ = {
			isa = PBXContainerItemProxy;
			containerPortal = DC3DCCC71E36852000432F55 /* Project object */;
			proxyType = 1;
			remoteGlobalIDString = DC3DCCCE1E36852100432F55;
			remoteInfo = GitHub;
		};
		DC3DCCEF1E36852100432F55 /* PBXContainerItemProxy */ = {
			isa = PBXContainerItemProxy;
			containerPortal = DC3DCCC71E36852000432F55 /* Project object */;
			proxyType = 1;
			remoteGlobalIDString = DC3DCCCE1E36852100432F55;
			remoteInfo = GitHub;
		};
/* End PBXContainerItemProxy section */

/* Begin PBXFileReference section */
		DC3DCCCF1E36852100432F55 /* GitHub.app */ = {isa = PBXFileReference; explicitFileType = wrapper.application; includeInIndex = 0; path = GitHub.app; sourceTree = BUILT_PRODUCTS_DIR; };
		DC3DCCD21E36852100432F55 /* AppDelegate.swift */ = {isa = PBXFileReference; lastKnownFileType = sourcecode.swift; path = AppDelegate.swift; sourceTree = "<group>"; };
		DC3DCCD41E36852100432F55 /* ViewController.swift */ = {isa = PBXFileReference; lastKnownFileType = sourcecode.swift; path = ViewController.swift; sourceTree = "<group>"; };
		DC3DCCD71E36852100432F55 /* Base */ = {isa = PBXFileReference; lastKnownFileType = file.storyboard; name = Base; path = Base.lproj/Main.storyboard; sourceTree = "<group>"; };
		DC3DCCD91E36852100432F55 /* Assets.xcassets */ = {isa = PBXFileReference; lastKnownFileType = folder.assetcatalog; path = Assets.xcassets; sourceTree = "<group>"; };
		DC3DCCDC1E36852100432F55 /* Base */ = {isa = PBXFileReference; lastKnownFileType = file.storyboard; name = Base; path = Base.lproj/LaunchScreen.storyboard; sourceTree = "<group>"; };
		DC3DCCDE1E36852100432F55 /* Info.plist */ = {isa = PBXFileReference; lastKnownFileType = text.plist.xml; path = Info.plist; sourceTree = "<group>"; };
		DC3DCCE31E36852100432F55 /* GitHubTests.xctest */ = {isa = PBXFileReference; explicitFileType = wrapper.cfbundle; includeInIndex = 0; path = GitHubTests.xctest; sourceTree = BUILT_PRODUCTS_DIR; };
		DC3DCCE71E36852100432F55 /* GitHubTests.swift */ = {isa = PBXFileReference; lastKnownFileType = sourcecode.swift; path = GitHubTests.swift; sourceTree = "<group>"; };
		DC3DCCE91E36852100432F55 /* Info.plist */ = {isa = PBXFileReference; lastKnownFileType = text.plist.xml; path = Info.plist; sourceTree = "<group>"; };
		DC3DCCEE1E36852100432F55 /* GitHubUITests.xctest */ = {isa = PBXFileReference; explicitFileType = wrapper.cfbundle; includeInIndex = 0; path = GitHubUITests.xctest; sourceTree = BUILT_PRODUCTS_DIR; };
		DC3DCCF21E36852100432F55 /* GitHubUITests.swift */ = {isa = PBXFileReference; lastKnownFileType = sourcecode.swift; path = GitHubUITests.swift; sourceTree = "<group>"; };
		DC3DCCF41E36852100432F55 /* Info.plist */ = {isa = PBXFileReference; lastKnownFileType = text.plist.xml; path = Info.plist; sourceTree = "<group>"; };
/* End PBXFileReference section */

/* Begin PBXFrameworksBuildPhase section */
		DC3DCCCC1E36852100432F55 /* Frameworks */ = {
			isa = PBXFrameworksBuildPhase;
			buildActionMask = 2147483647;
			files = (
			);
			runOnlyForDeploymentPostprocessing = 0;
		};
		DC3DCCE01E36852100432F55 /* Frameworks */ = {
			isa = PBXFrameworksBuildPhase;
			buildActionMask = 2147483647;
			files = (
			);
			runOnlyForDeploymentPostprocessing = 0;
		};
		DC3DCCEB1E36852100432F55 /* Frameworks */ = {
			isa = PBXFrameworksBuildPhase;
			buildActionMask = 2147483647;
			files = (
			);
			runOnlyForDeploymentPostprocessing = 0;
		};
/* End PBXFrameworksBuildPhase section */

/* Begin PBXGroup section */
		DC3DCCC61E36852000432F55 = {
			isa = PBXGroup;
			children = (
				DC3DCCD11E36852100432F55 /* GitHub */,
				DC3DCCE61E36852100432F55 /* GitHubTests */,
				DC3DCCF11E36852100432F55 /* GitHubUITests */,
				DC3DCCD01E36852100432F55 /* Products */,
			);
			sourceTree = "<group>";
		};
		DC3DCCD01E36852100432F55 /* Products */ = {
			isa = PBXGroup;
			children = (
				DC3DCCCF1E36852100432F55 /* GitHub.app */,
				DC3DCCE31E36852100432F55 /* GitHubTests.xctest */,
				DC3DCCEE1E36852100432F55 /* GitHubUITests.xctest */,
			);
			name = Products;
			sourceTree = "<group>";
		};
		DC3DCCD11E36852100432F55 /* GitHub */ = {
			isa = PBXGroup;
			children = (
				DC3DCCD21E36852100432F55 /* AppDelegate.swift */,
				DC3DCCD41E36852100432F55 /* ViewController.swift */,
				DC3DCCD61E36852100432F55 /* Main.storyboard */,
				DC3DCCD91E36852100432F55 /* Assets.xcassets */,
				DC3DCCDB1E36852100432F55 /* LaunchScreen.storyboard */,
				DC3DCCDE1E36852100432F55 /* Info.plist */,
			);
			path = GitHub;
			sourceTree = "<group>";
		};
		DC3DCCE61E36852100432F55 /* GitHubTests */ = {
			isa = PBXGroup;
			children = (
				DC3DCCE71E36852100432F55 /* GitHubTests.swift */,
				DC3DCCE91E36852100432F55 /* Info.plist */,
			);
			path = GitHubTests;
			sourceTree = "<group>";
		};
		DC3DCCF11E36852100432F55 /* GitHubUITests */ = {
			isa = PBXGroup;
			children = (
				DC3DCCF21E36852100432F55 /* GitHubUITests.swift */,
				DC3DCCF41E36852100432F55 /* Info.plist */,
			);
			path = GitHubUITests;
			sourceTree = "<group>";
		};
/* End PBXGroup section */

/* Begin PBXNativeTarget section */
		DC3DCCCE1E36852100432F55 /* GitHub */ = {
			isa = PBXNativeTarget;
			buildConfigurationList = DC3DCCF71E36852100432F55 /* Build configuration list for PBXNativeTarget "GitHub" */;
			buildPhases = (
				DC3DCCCB1E36852100432F55 /* Sources */,
				DC3DCCCC1E36852100432F55 /* Frameworks */,
				DC3DCCCD1E36852100432F55 /* Resources */,
			);
			buildRules = (
			);
			dependencies = (
			);
			name = GitHub;
			productName = GitHub;
			productReference = DC3DCCCF1E36852100432F55 /* GitHub.app */;
			productType = "com.apple.product-type.application";
		};
		DC3DCCE21E36852100432F55 /* GitHubTests */ = {
			isa = PBXNativeTarget;
			buildConfigurationList = DC3DCCFA1E36852100432F55 /* Build configuration list for PBXNativeTarget "GitHubTests" */;
			buildPhases = (
				DC3DCCDF1E36852100432F55 /* Sources */,
				DC3DCCE01E36852100432F55 /* Frameworks */,
				DC3DCCE11E36852100432F55 /* Resources */,
			);
			buildRules = (
			);
			dependencies = (
				DC3DCCE51E36852100432F55 /* PBXTargetDependency */,
			);
			name = GitHubTests;
			productName = GitHubTests;
			productReference = DC3DCCE31E36852100432F55 /* GitHubTests.xctest */;
			productType = "com.apple.product-type.bundle.unit-test";
		};
		DC3DCCED1E36852100432F55 /* GitHubUITests */ = {
			isa = PBXNativeTarget;
			buildConfigurationList = DC3DCCFD1E36852100432F55 /* Build configuration list for PBXNativeTarget "GitHubUITests" */;
			buildPhases = (
				DC3DCCEA1E36852100432F55 /* Sources */,
				DC3DCCEB1E36852100432F55 /* Frameworks */,
				DC3DCCEC1E36852100432F55 /* Resources */,
			);
			buildRules = (
			);
			dependencies = (
				DC3DCCF01E36852100432F55 /* PBXTargetDependency */,
			);
			name = GitHubUITests;
			productName = GitHubUITests;
			productReference = DC3DCCEE1E36852100432F55 /* GitHubUITests.xctest */;
			productType = "com.apple.product-type.bundle.ui-testing";
		};
/* End PBXNativeTarget section */

/* Begin PBXProject section */
		DC3DCCC71E36852000432F55 /* Project object */ = {
			isa = PBXProject;
			attributes = {
				LastSwiftUpdateCheck = 0820;
				LastUpgradeCheck = 0820;
				ORGANIZATIONNAME = GitHub;
				TargetAttributes = {
					DC3DCCCE1E36852100432F55 = {
						CreatedOnToolsVersion = 8.2.1;
						ProvisioningStyle = Automatic;
					};
					DC3DCCE21E36852100432F55 = {
						CreatedOnToolsVersion = 8.2.1;
						ProvisioningStyle = Automatic;
						TestTargetID = DC3DCCCE1E36852100432F55;
					};
					DC3DCCED1E36852100432F55 = {
						CreatedOnToolsVersion = 8.2.1;
						ProvisioningStyle = Automatic;
						TestTargetID = DC3DCCCE1E36852100432F55;
					};
				};
			};
			buildConfigurationList = DC3DCCCA1E36852000432F55 /* Build configuration list for PBXProject "GitHub" */;
			compatibilityVersion = "Xcode 3.2";
			developmentRegion = English;
			hasScannedForEncodings = 0;
			knownRegions = (
				en,
				Base,
			);
			mainGroup = DC3DCCC61E36852000432F55;
			productRefGroup = DC3DCCD01E36852100432F55 /* Products */;
			projectDirPath = "";
			projectRoot = "";
			targets = (
				DC3DCCCE1E36852100432F55 /* GitHub */,
				DC3DCCE21E36852100432F55 /* GitHubTests */,
				DC3DCCED1E36852100432F55 /* GitHubUITests */,
			);
		};
/* End PBXProject section */

/* Begin PBXResourcesBuildPhase section */
		DC3DCCCD1E36852100432F55 /* Resources */ = {
			isa = PBXResourcesBuildPhase;
			buildActionMask = 2147483647;
			files = (
				DC3DCCDD1E36852100432F55 /* LaunchScreen.storyboard in Resources */,
				DC3DCCDA1E36852100432F55 /* Assets.xcassets in Resources */,
				DC3DCCD81E36852100432F55 /* Main.storyboard in Resources */,
			);
			runOnlyForDeploymentPostprocessing = 0;
		};
		DC3DCCE11E36852100432F55 /* Resources */ = {
			isa = PBXResourcesBuildPhase;
			buildActionMask = 2147483647;
			files = (
			);
			runOnlyForDeploymentPostprocessing = 0;
		};
		DC3DCCEC1E36852100432F55 /* Resources */ = {
			isa = PBXResourcesBuildPhase;
			buildActionMask = 2147483647;
			files = (
			);
			runOnlyForDeploymentPostprocessing = 0;
		};
/* End PBXResourcesBuildPhase section */

/* Begin PBXSourcesBuildPhase section */
		DC3DCCCB1E36852100432F55 /* Sources */ = {
			isa = PBXSourcesBuildPhase;
			buildActionMask = 2147483647;
			files = (
				DC3DCCD51E36852100432F55 /* ViewController.swift in Sources */,
				DC3DCCD31E36852100432F55 /* AppDelegate.swift in Sources */,
			);
			runOnlyForDeploymentPostprocessing = 0;
		};
		DC3DCCDF1E36852100432F55 /* Sources */ = {
			isa = PBXSourcesBuildPhase;
			buildActionMask = 2147483647;
			files = (
				DC3DCCE81E36852100432F55 /* GitHubTests.swift in Sources */,
			);
			runOnlyForDeploymentPostprocessing = 0;
		};
		DC3DCCEA1E36852100432F55 /* Sources */ = {
			isa = PBXSourcesBuildPhase;
			buildActionMask = 2147483647;
			files = (
				DC3DCCF31E36852100432F55 /* GitHubUITests.swift in Sources */,
			);
			runOnlyForDeploymentPostprocessing = 0;
		};
/* End PBXSourcesBuildPhase section */

/* Begin PBXTargetDependency section */
		DC3DCCE51E36852100432F55 /* PBXTargetDependency */ = {
			isa = PBXTargetDependency;
			target = DC3DCCCE1E36852100432F55 /* GitHub */;
			targetProxy = DC3DCCE41E36852100432F55 /* PBXContainerItemProxy */;
		};
		DC3DCCF01E36852100432F55 /* PBXTargetDependency */ = {
			isa = PBXTargetDependency;
			target = DC3DCCCE1E36852100432F55 /* GitHub */;
			targetProxy = DC3DCCEF1E36852100432F55 /* PBXContainerItemProxy */;
		};
/* End PBXTargetDependency section */

/* Begin PBXVariantGroup section */
		DC3DCCD61E36852100432F55 /* Main.storyboard */ = {
			isa = PBXVariantGroup;
			children = (
				DC3DCCD71E36852100432F55 /* Base */,
			);
			name = Main.storyboard;
			sourceTree = "<group>";
		};
		DC3DCCDB1E36852100432F55 /* LaunchScreen.storyboard */ = {
			isa = PBXVariantGroup;
			children = (
				DC3DCCDC1E36852100432F55 /* Base */,
			);
			name = LaunchScreen.storyboard;
			sourceTree = "<group>";
		};
/* End PBXVariantGroup section */

/* Begin XCBuildConfiguration section */
		DC3DCCF51E36852100432F55 /* Debug */ = {
			isa = XCBuildConfiguration;
			buildSettings = {
				ALWAYS_SEARCH_USER_PATHS = NO;
				CLANG_ANALYZER_NONNULL = YES;
				CLANG_CXX_LANGUAGE_STANDARD = "gnu++0x";
				CLANG_CXX_LIBRARY = "libc++";
				CLANG_ENABLE_MODULES = YES;
				CLANG_ENABLE_OBJC_ARC = YES;
				CLANG_WARN_BOOL_CONVERSION = YES;
				CLANG_WARN_CONSTANT_CONVERSION = YES;
				CLANG_WARN_DIRECT_OBJC_ISA_USAGE = YES_ERROR;
				CLANG_WARN_DOCUMENTATION_COMMENTS = YES;
				CLANG_WARN_EMPTY_BODY = YES;
				CLANG_WARN_ENUM_CONVERSION = YES;
				CLANG_WARN_INFINITE_RECURSION = YES;
				CLANG_WARN_INT_CONVERSION = YES;
				CLANG_WARN_OBJC_ROOT_CLASS = YES_ERROR;
				CLANG_WARN_SUSPICIOUS_MOVE = YES;
				CLANG_WARN_UNREACHABLE_CODE = YES;
				CLANG_WARN__DUPLICATE_METHOD_MATCH = YES;
				"CODE_SIGN_IDENTITY[sdk=iphoneos*]" = "iPhone Developer";
				COPY_PHASE_STRIP = NO;
				DEBUG_INFORMATION_FORMAT = dwarf;
				ENABLE_STRICT_OBJC_MSGSEND = YES;
				ENABLE_TESTABILITY = YES;
				GCC_C_LANGUAGE_STANDARD = gnu99;
				GCC_DYNAMIC_NO_PIC = NO;
				GCC_NO_COMMON_BLOCKS = YES;
				GCC_OPTIMIZATION_LEVEL = 0;
				GCC_PREPROCESSOR_DEFINITIONS = (
					"DEBUG=1",
					"$(inherited)",
				);
				GCC_WARN_64_TO_32_BIT_CONVERSION = YES;
				GCC_WARN_ABOUT_RETURN_TYPE = YES_ERROR;
				GCC_WARN_UNDECLARED_SELECTOR = YES;
				GCC_WARN_UNINITIALIZED_AUTOS = YES_AGGRESSIVE;
				GCC_WARN_UNUSED_FUNCTION = YES;
				GCC_WARN_UNUSED_VARIABLE = YES;
				IPHONEOS_DEPLOYMENT_TARGET = 10.2;
				MTL_ENABLE_DEBUG_INFO = YES;
				ONLY_ACTIVE_ARCH = YES;
				SDKROOT = iphoneos;
				SWIFT_ACTIVE_COMPILATION_CONDITIONS = DEBUG;
				SWIFT_OPTIMIZATION_LEVEL = "-Onone";
			};
			name = Debug;
		};
		DC3DCCF61E36852100432F55 /* Release */ = {
			isa = XCBuildConfiguration;
			buildSettings = {
				ALWAYS_SEARCH_USER_PATHS = NO;
				CLANG_ANALYZER_NONNULL = YES;
				CLANG_CXX_LANGUAGE_STANDARD = "gnu++0x";
				CLANG_CXX_LIBRARY = "libc++";
				CLANG_ENABLE_MODULES = YES;
				CLANG_ENABLE_OBJC_ARC = YES;
				CLANG_WARN_BOOL_CONVERSION = YES;
				CLANG_WARN_CONSTANT_CONVERSION = YES;
				CLANG_WARN_DIRECT_OBJC_ISA_USAGE = YES_ERROR;
				CLANG_WARN_DOCUMENTATION_COMMENTS = YES;
				CLANG_WARN_EMPTY_BODY = YES;
				CLANG_WARN_ENUM_CONVERSION = YES;
				CLANG_WARN_INFINITE_RECURSION = YES;
				CLANG_WARN_INT_CONVERSION = YES;
				CLANG_WARN_OBJC_ROOT_CLASS = YES_ERROR;
				CLANG_WARN_SUSPICIOUS_MOVE = YES;
				CLANG_WARN_UNREACHABLE_CODE = YES;
				CLANG_WARN__DUPLICATE_METHOD_MATCH = YES;
				"CODE_SIGN_IDENTITY[sdk=iphoneos*]" = "iPhone Developer";
				COPY_PHASE_STRIP = NO;
				DEBUG_INFORMATION_FORMAT = "dwarf-with-dsym";
				ENABLE_NS_ASSERTIONS = NO;
				ENABLE_STRICT_OBJC_MSGSEND = YES;
				GCC_C_LANGUAGE_STANDARD = gnu99;
				GCC_NO_COMMON_BLOCKS = YES;
				GCC_WARN_64_TO_32_BIT_CONVERSION = YES;
				GCC_WARN_ABOUT_RETURN_TYPE = YES_ERROR;
				GCC_WARN_UNDECLARED_SELECTOR = YES;
				GCC_WARN_UNINITIALIZED_AUTOS = YES_AGGRESSIVE;
				GCC_WARN_UNUSED_FUNCTION = YES;
				GCC_WARN_UNUSED_VARIABLE = YES;
				IPHONEOS_DEPLOYMENT_TARGET = 10.2;
				MTL_ENABLE_DEBUG_INFO = NO;
				SDKROOT = iphoneos;
				SWIFT_OPTIMIZATION_LEVEL = "-Owholemodule";
				VALIDATE_PRODUCT = YES;
			};
			name = Release;
		};
		DC3DCCF81E36852100432F55 /* Debug */ = {
			isa = XCBuildConfiguration;
			buildSettings = {
				ASSETCATALOG_COMPILER_APPICON_NAME = AppIcon;
				INFOPLIST_FILE = GitHub/Info.plist;
				LD_RUNPATH_SEARCH_PATHS = "$(inherited) @executable_path/Frameworks";
				PRODUCT_BUNDLE_IDENTIFIER = ORBEM.GitHub.GitHub;
				PRODUCT_NAME = "$(TARGET_NAME)";
				SWIFT_VERSION = 3.0;
			};
			name = Debug;
		};
		DC3DCCF91E36852100432F55 /* Release */ = {
			isa = XCBuildConfiguration;
			buildSettings = {
				ASSETCATALOG_COMPILER_APPICON_NAME = AppIcon;
				INFOPLIST_FILE = GitHub/Info.plist;
				LD_RUNPATH_SEARCH_PATHS = "$(inherited) @executable_path/Frameworks";
				PRODUCT_BUNDLE_IDENTIFIER = ORBEM.GitHub.GitHub;
				PRODUCT_NAME = "$(TARGET_NAME)";
				SWIFT_VERSION = 3.0;
			};
			name = Release;
		};
		DC3DCCFB1E36852100432F55 /* Debug */ = {
			isa = XCBuildConfiguration;
			buildSettings = {
				ALWAYS_EMBED_SWIFT_STANDARD_LIBRARIES = YES;
				BUNDLE_LOADER = "$(TEST_HOST)";
				INFOPLIST_FILE = GitHubTests/Info.plist;
				LD_RUNPATH_SEARCH_PATHS = "$(inherited) @executable_path/Frameworks @loader_path/Frameworks";
				PRODUCT_BUNDLE_IDENTIFIER = ORBEM.GitHub.GitHubTests;
				PRODUCT_NAME = "$(TARGET_NAME)";
				SWIFT_VERSION = 3.0;
				TEST_HOST = "$(BUILT_PRODUCTS_DIR)/GitHub.app/GitHub";
			};
			name = Debug;
		};
		DC3DCCFC1E36852100432F55 /* Release */ = {
			isa = XCBuildConfiguration;
			buildSettings = {
				ALWAYS_EMBED_SWIFT_STANDARD_LIBRARIES = YES;
				BUNDLE_LOADER = "$(TEST_HOST)";
				INFOPLIST_FILE = GitHubTests/Info.plist;
				LD_RUNPATH_SEARCH_PATHS = "$(inherited) @executable_path/Frameworks @loader_path/Frameworks";
				PRODUCT_BUNDLE_IDENTIFIER = ORBEM.GitHub.GitHubTests;
				PRODUCT_NAME = "$(TARGET_NAME)";
				SWIFT_VERSION = 3.0;
				TEST_HOST = "$(BUILT_PRODUCTS_DIR)/GitHub.app/GitHub";
			};
			name = Release;
		};
		DC3DCCFE1E36852100432F55 /* Debug */ = {
			isa = XCBuildConfiguration;
			buildSettings = {
				ALWAYS_EMBED_SWIFT_STANDARD_LIBRARIES = YES;
				INFOPLIST_FILE = GitHubUITests/Info.plist;
				LD_RUNPATH_SEARCH_PATHS = "$(inherited) @executable_path/Frameworks @loader_path/Frameworks";
				PRODUCT_BUNDLE_IDENTIFIER = ORBEM.GitHub.GitHubUITests;
				PRODUCT_NAME = "$(TARGET_NAME)";
				SWIFT_VERSION = 3.0;
				TEST_TARGET_NAME = GitHub;
			};
			name = Debug;
		};
		DC3DCCFF1E36852100432F55 /* Release */ = {
			isa = XCBuildConfiguration;
			buildSettings = {
				ALWAYS_EMBED_SWIFT_STANDARD_LIBRARIES = YES;
				INFOPLIST_FILE = GitHubUITests/Info.plist;
				LD_RUNPATH_SEARCH_PATHS = "$(inherited) @executable_path/Frameworks @loader_path/Frameworks";
				PRODUCT_BUNDLE_IDENTIFIER = ORBEM.GitHub.GitHubUITests;
				PRODUCT_NAME = "$(TARGET_NAME)";
				SWIFT_VERSION = 3.0;
				TEST_TARGET_NAME = GitHub;
			};
			name = Release;
		};
/* End XCBuildConfiguration section */

/* Begin XCConfigurationList section */
		DC3DCCCA1E36852000432F55 /* Build configuration list for PBXProject "GitHub" */ = {
			isa = XCConfigurationList;
			buildConfigurations = (
				DC3DCCF51E36852100432F55 /* Debug */,
				DC3DCCF61E36852100432F55 /* Release */,
			);
			defaultConfigurationIsVisible = 0;
			defaultConfigurationName = Release;
		};
		DC3DCCF71E36852100432F55 /* Build configuration list for PBXNativeTarget "GitHub" */ = {
			isa = XCConfigurationList;
			buildConfigurations = (
				DC3DCCF81E36852100432F55 /* Debug */,
				DC3DCCF91E36852100432F55 /* Release */,
			);
			defaultConfigurationIsVisible = 0;
		};
		DC3DCCFA1E36852100432F55 /* Build configuration list for PBXNativeTarget "GitHubTests" */ = {
			isa = XCConfigurationList;
			buildConfigurations = (
				DC3DCCFB1E36852100432F55 /* Debug */,
				DC3DCCFC1E36852100432F55 /* Release */,
			);
			defaultConfigurationIsVisible = 0;
		};
		DC3DCCFD1E36852100432F55 /* Build configuration list for PBXNativeTarget "GitHubUITests" */ = {
			isa = XCConfigurationList;
			buildConfigurations = (
				DC3DCCFE1E36852100432F55 /* Debug */,
				DC3DCCFF1E36852100432F55 /* Release */,
			);
			defaultConfigurationIsVisible = 0;
		};
/* End XCConfigurationList section */
	};
	rootObject = DC3DCCC71E36852000432F55 /* Project object */;
}
